<?xml version="1.0" encoding="utf-8"?>
<Project ToolsVersion="4.0" xmlns="http://schemas.microsoft.com/developer/msbuild/2003">
  <ItemGroup>
    <ClCompile Include="ubox_sdl.c" />
    <ClCompile Include="ubox_spman_sdl.cpp" />
    <ClCompile Include="..\src\data.c">
      <Filter>common</Filter>
    </ClCompile>
    <ClCompile Include="game.c">
      <Filter>common</Filter>
    </ClCompile>
    <ClCompile Include="..\src\helpers.c">
      <Filter>common</Filter>
    </ClCompile>
    <ClCompile Include="..\src\main.c">
      <Filter>common</Filter>
    </ClCompile>
    <ClCompile Include="..\msvc\src\ubox_mplayer_sdl.c">
      <Filter>common</Filter>
    </ClCompile>
  </ItemGroup>
  <ItemGroup>
    <ClInclude Include="stdint.h" />
    <ClInclude Include="game.h">
      <Filter>common</Filter>
    </ClInclude>
    <ClInclude Include="..\src\helpers.h">
      <Filter>common</Filter>
    </ClInclude>
    <ClInclude Include="..\src\main.h">
      <Filter>common</Filter>
    </ClInclude>
  </ItemGroup>
  <ItemGroup>
    <Filter Include="common">
      <UniqueIdentifier>{24a9127d-1518-4d81-a996-c2b7a99a9391}</UniqueIdentifier>
    </Filter>
  </ItemGroup>
</Project>